
Microsoft Visual Studio Solution File, Format Version 12.00
# Visual Studio 15
VisualStudioVersion = 15.0.26730.16
MinimumVisualStudioVersion = 10.0.40219.1
Project("{FAE04EC0-301F-11D3-BF4B-00C04F79EFBC}") = "refactor-me", "refactor-me\refactor-me.csproj", "{20AB69F9-F2D3-4A68-96C3-424EC8B9406E}"
EndProject
Project("{FAE04EC0-301F-11D3-BF4B-00C04F79EFBC}") = "Models", "Models\Models.csproj", "{D6F8EE34-2BC2-4004-9C12-E29E3A8AA51E}"
EndProject
Project("{FAE04EC0-301F-11D3-BF4B-00C04F79EFBC}") = "Data", "Data\Data.csproj", "{94BE2675-9859-4CD4-AC0E-9357E0224B67}"
EndProject
Global
	GlobalSection(SolutionConfigurationPlatforms) = preSolution
		Debug|Any CPU = Debug|Any CPU
		Release|Any CPU = Release|Any CPU
	EndGlobalSection
	GlobalSection(ProjectConfigurationPlatforms) = postSolution
		{20AB69F9-F2D3-4A68-96C3-424EC8B9406E}.Debug|Any CPU.ActiveCfg = Debug|Any CPU
		{20AB69F9-F2D3-4A68-96C3-424EC8B9406E}.Debug|Any CPU.Build.0 = Debug|Any CPU
		{20AB69F9-F2D3-4A68-96C3-424EC8B9406E}.Release|Any CPU.ActiveCfg = Release|Any CPU
		{20AB69F9-F2D3-4A68-96C3-424EC8B9406E}.Release|Any CPU.Build.0 = Release|Any CPU
		{D6F8EE34-2BC2-4004-9C12-E29E3A8AA51E}.Debug|Any CPU.ActiveCfg = Debug|Any CPU
		{D6F8EE34-2BC2-4004-9C12-E29E3A8AA51E}.Debug|Any CPU.Build.0 = Debug|Any CPU
		{D6F8EE34-2BC2-4004-9C12-E29E3A8AA51E}.Release|Any CPU.ActiveCfg = Release|Any CPU
		{D6F8EE34-2BC2-4004-9C12-E29E3A8AA51E}.Release|Any CPU.Build.0 = Release|Any CPU
		{94BE2675-9859-4CD4-AC0E-9357E0224B67}.Debug|Any CPU.ActiveCfg = Debug|Any CPU
		{94BE2675-9859-4CD4-AC0E-9357E0224B67}.Debug|Any CPU.Build.0 = Debug|Any CPU
		{94BE2675-9859-4CD4-AC0E-9357E0224B67}.Release|Any CPU.ActiveCfg = Release|Any CPU
		{94BE2675-9859-4CD4-AC0E-9357E0224B67}.Release|Any CPU.Build.0 = Release|Any CPU
	EndGlobalSection
	GlobalSection(SolutionProperties) = preSolution
		HideSolutionNode = FALSE
	EndGlobalSection
	GlobalSection(ExtensibilityGlobals) = postSolution
		SolutionGuid = {FEE1902D-975C-44FE-8233-0DEBB73BE911}
	EndGlobalSection
EndGlobal
